// !$*UTF8*$!
{
	archiveVersion = 1;
	classes = {
	};
	objectVersion = 46;
	objects = {

/* Begin PBXBuildFile section */
		1667ED351B4B4EF600CD1EB3 /* AppDelegate.swift in Sources */ = {isa = PBXBuildFile; fileRef = 1667ED341B4B4EF600CD1EB3 /* AppDelegate.swift */; };
		1667ED371B4B4EF600CD1EB3 /* ViewController.swift in Sources */ = {isa = PBXBuildFile; fileRef = 1667ED361B4B4EF600CD1EB3 /* ViewController.swift */; };
		1667ED3A1B4B4EF600CD1EB3 /* Main.storyboard in Resources */ = {isa = PBXBuildFile; fileRef = 1667ED381B4B4EF600CD1EB3 /* Main.storyboard */; };
		1667ED3C1B4B4EF600CD1EB3 /* Images.xcassets in Resources */ = {isa = PBXBuildFile; fileRef = 1667ED3B1B4B4EF600CD1EB3 /* Images.xcassets */; };
		1667ED3F1B4B4EF600CD1EB3 /* LaunchScreen.xib in Resources */ = {isa = PBXBuildFile; fileRef = 1667ED3D1B4B4EF600CD1EB3 /* LaunchScreen.xib */; };
		1667ED4B1B4B4EF600CD1EB3 /* MyMVCdemoTests.swift in Sources */ = {isa = PBXBuildFile; fileRef = 1667ED4A1B4B4EF600CD1EB3 /* MyMVCdemoTests.swift */; };
		1667ED551B4B50AD00CD1EB3 /* ColoredSquareModel.swift in Sources */ = {isa = PBXBuildFile; fileRef = 1667ED541B4B50AD00CD1EB3 /* ColoredSquareModel.swift */; };
		1667ED571B4B517200CD1EB3 /* ColoredSquareView.swift in Sources */ = {isa = PBXBuildFile; fileRef = 1667ED561B4B517200CD1EB3 /* ColoredSquareView.swift */; };
/* End PBXBuildFile section */

/* Begin PBXContainerItemProxy section */
		1667ED451B4B4EF600CD1EB3 /* PBXContainerItemProxy */ = {
			isa = PBXContainerItemProxy;
			containerPortal = 1667ED271B4B4EF600CD1EB3 /* Project object */;
			proxyType = 1;
			remoteGlobalIDString = 1667ED2E1B4B4EF600CD1EB3;
			remoteInfo = MyMVCdemo;
		};
/* End PBXContainerItemProxy section */

/* Begin PBXFileReference section */
		1667ED2F1B4B4EF600CD1EB3 /* MyMVCdemo.app */ = {isa = PBXFileReference; explicitFileType = wrapper.application; includeInIndex = 0; path = MyMVCdemo.app; sourceTree = BUILT_PRODUCTS_DIR; };
		1667ED331B4B4EF600CD1EB3 /* Info.plist */ = {isa = PBXFileReference; lastKnownFileType = text.plist.xml; path = Info.plist; sourceTree = "<group>"; };
		1667ED341B4B4EF600CD1EB3 /* AppDelegate.swift */ = {isa = PBXFileReference; lastKnownFileType = sourcecode.swift; path = AppDelegate.swift; sourceTree = "<group>"; };
		1667ED361B4B4EF600CD1EB3 /* ViewController.swift */ = {isa = PBXFileReference; lastKnownFileType = sourcecode.swift; path = ViewController.swift; sourceTree = "<group>"; };
		1667ED391B4B4EF600CD1EB3 /* Base */ = {isa = PBXFileReference; lastKnownFileType = file.storyboard; name = Base; path = Base.lproj/Main.storyboard; sourceTree = "<group>"; };
		1667ED3B1B4B4EF600CD1EB3 /* Images.xcassets */ = {isa = PBXFileReference; lastKnownFileType = folder.assetcatalog; path = Images.xcassets; sourceTree = "<group>"; };
		1667ED3E1B4B4EF600CD1EB3 /* Base */ = {isa = PBXFileReference; lastKnownFileType = file.xib; name = Base; path = Base.lproj/LaunchScreen.xib; sourceTree = "<group>"; };
		1667ED441B4B4EF600CD1EB3 /* MyMVCdemoTests.xctest */ = {isa = PBXFileReference; explicitFileType = wrapper.cfbundle; includeInIndex = 0; path = MyMVCdemoTests.xctest; sourceTree = BUILT_PRODUCTS_DIR; };
		1667ED491B4B4EF600CD1EB3 /* Info.plist */ = {isa = PBXFileReference; lastKnownFileType = text.plist.xml; path = Info.plist; sourceTree = "<group>"; };
		1667ED4A1B4B4EF600CD1EB3 /* MyMVCdemoTests.swift */ = {isa = PBXFileReference; lastKnownFileType = sourcecode.swift; path = MyMVCdemoTests.swift; sourceTree = "<group>"; };
		1667ED541B4B50AD00CD1EB3 /* ColoredSquareModel.swift */ = {isa = PBXFileReference; fileEncoding = 4; lastKnownFileType = sourcecode.swift; path = ColoredSquareModel.swift; sourceTree = "<group>"; };
		1667ED561B4B517200CD1EB3 /* ColoredSquareView.swift */ = {isa = PBXFileReference; fileEncoding = 4; lastKnownFileType = sourcecode.swift; path = ColoredSquareView.swift; sourceTree = "<group>"; };
/* End PBXFileReference section */

/* Begin PBXFrameworksBuildPhase section */
		1667ED2C1B4B4EF600CD1EB3 /* Frameworks */ = {
			isa = PBXFrameworksBuildPhase;
			buildActionMask = 2147483647;
			files = (
			);
			runOnlyForDeploymentPostprocessing = 0;
		};
		1667ED411B4B4EF600CD1EB3 /* Frameworks */ = {
			isa = PBXFrameworksBuildPhase;
			buildActionMask = 2147483647;
			files = (
			);
			runOnlyForDeploymentPostprocessing = 0;
		};
/* End PBXFrameworksBuildPhase section */

/* Begin PBXGroup section */
		1667ED261B4B4EF600CD1EB3 = {
			isa = PBXGroup;
			children = (
				1667ED311B4B4EF600CD1EB3 /* MyMVCdemo */,
				1667ED471B4B4EF600CD1EB3 /* MyMVCdemoTests */,
				1667ED301B4B4EF600CD1EB3 /* Products */,
			);
			sourceTree = "<group>";
		};
		1667ED301B4B4EF600CD1EB3 /* Products */ = {
			isa = PBXGroup;
			children = (
				1667ED2F1B4B4EF600CD1EB3 /* MyMVCdemo.app */,
				1667ED441B4B4EF600CD1EB3 /* MyMVCdemoTests.xctest */,
			);
			name = Products;
			sourceTree = "<group>";
		};
		1667ED311B4B4EF600CD1EB3 /* MyMVCdemo */ = {
			isa = PBXGroup;
			children = (
				1667ED341B4B4EF600CD1EB3 /* AppDelegate.swift */,
				1667ED361B4B4EF600CD1EB3 /* ViewController.swift */,
				1667ED381B4B4EF600CD1EB3 /* Main.storyboard */,
				1667ED541B4B50AD00CD1EB3 /* ColoredSquareModel.swift */,
				1667ED561B4B517200CD1EB3 /* ColoredSquareView.swift */,
				1667ED3B1B4B4EF600CD1EB3 /* Images.xcassets */,
				1667ED3D1B4B4EF600CD1EB3 /* LaunchScreen.xib */,
				1667ED321B4B4EF600CD1EB3 /* Supporting Files */,
			);
			path = MyMVCdemo;
			sourceTree = "<group>";
		};
		1667ED321B4B4EF600CD1EB3 /* Supporting Files */ = {
			isa = PBXGroup;
			children = (
				1667ED331B4B4EF600CD1EB3 /* Info.plist */,
			);
			name = "Supporting Files";
			sourceTree = "<group>";
		};
		1667ED471B4B4EF600CD1EB3 /* MyMVCdemoTests */ = {
			isa = PBXGroup;
			children = (
				1667ED4A1B4B4EF600CD1EB3 /* MyMVCdemoTests.swift */,
				1667ED481B4B4EF600CD1EB3 /* Supporting Files */,
			);
			path = MyMVCdemoTests;
			sourceTree = "<group>";
		};
		1667ED481B4B4EF600CD1EB3 /* Supporting Files */ = {
			isa = PBXGroup;
			children = (
				1667ED491B4B4EF600CD1EB3 /* Info.plist */,
			);
			name = "Supporting Files";
			sourceTree = "<group>";
		};
/* End PBXGroup section */

/* Begin PBXNativeTarget section */
		1667ED2E1B4B4EF600CD1EB3 /* MyMVCdemo */ = {
			isa = PBXNativeTarget;
			buildConfigurationList = 1667ED4E1B4B4EF600CD1EB3 /* Build configuration list for PBXNativeTarget "MyMVCdemo" */;
			buildPhases = (
				1667ED2B1B4B4EF600CD1EB3 /* Sources */,
				1667ED2C1B4B4EF600CD1EB3 /* Frameworks */,
				1667ED2D1B4B4EF600CD1EB3 /* Resources */,
			);
			buildRules = (
			);
			dependencies = (
			);
			name = MyMVCdemo;
			productName = MyMVCdemo;
			productReference = 1667ED2F1B4B4EF600CD1EB3 /* MyMVCdemo.app */;
			productType = "com.apple.product-type.application";
		};
		1667ED431B4B4EF600CD1EB3 /* MyMVCdemoTests */ = {
			isa = PBXNativeTarget;
			buildConfigurationList = 1667ED511B4B4EF600CD1EB3 /* Build configuration list for PBXNativeTarget "MyMVCdemoTests" */;
			buildPhases = (
				1667ED401B4B4EF600CD1EB3 /* Sources */,
				1667ED411B4B4EF600CD1EB3 /* Frameworks */,
				1667ED421B4B4EF600CD1EB3 /* Resources */,
			);
			buildRules = (
			);
			dependencies = (
				1667ED461B4B4EF600CD1EB3 /* PBXTargetDependency */,
			);
			name = MyMVCdemoTests;
			productName = MyMVCdemoTests;
			productReference = 1667ED441B4B4EF600CD1EB3 /* MyMVCdemoTests.xctest */;
			productType = "com.apple.product-type.bundle.unit-test";
		};
/* End PBXNativeTarget section */

/* Begin PBXProject section */
		1667ED271B4B4EF600CD1EB3 /* Project object */ = {
			isa = PBXProject;
			attributes = {
				LastUpgradeCheck = 0640;
				ORGANIZATIONNAME = Peng;
				TargetAttributes = {
					1667ED2E1B4B4EF600CD1EB3 = {
						CreatedOnToolsVersion = 6.4;
					};
					1667ED431B4B4EF600CD1EB3 = {
						CreatedOnToolsVersion = 6.4;
						TestTargetID = 1667ED2E1B4B4EF600CD1EB3;
					};
				};
			};
			buildConfigurationList = 1667ED2A1B4B4EF600CD1EB3 /* Build configuration list for PBXProject "MyMVCdemo" */;
			compatibilityVersion = "Xcode 3.2";
			developmentRegion = English;
			hasScannedForEncodings = 0;
			knownRegions = (
				en,
				Base,
			);
			mainGroup = 1667ED261B4B4EF600CD1EB3;
			productRefGroup = 1667ED301B4B4EF600CD1EB3 /* Products */;
			projectDirPath = "";
			projectRoot = "";
			targets = (
				1667ED2E1B4B4EF600CD1EB3 /* MyMVCdemo */,
				1667ED431B4B4EF600CD1EB3 /* MyMVCdemoTests */,
			);
		};
/* End PBXProject section */

/* Begin PBXResourcesBuildPhase section */
		1667ED2D1B4B4EF600CD1EB3 /* Resources */ = {
			isa = PBXResourcesBuildPhase;
			buildActionMask = 2147483647;
			files = (
				1667ED3A1B4B4EF600CD1EB3 /* Main.storyboard in Resources */,
				1667ED3F1B4B4EF600CD1EB3 /* LaunchScreen.xib in Resources */,
				1667ED3C1B4B4EF600CD1EB3 /* Images.xcassets in Resources */,
			);
			runOnlyForDeploymentPostprocessing = 0;
		};
		1667ED421B4B4EF600CD1EB3 /* Resources */ = {
			isa = PBXResourcesBuildPhase;
			buildActionMask = 2147483647;
			files = (
			);
			runOnlyForDeploymentPostprocessing = 0;
		};
/* End PBXResourcesBuildPhase section */

/* Begin PBXSourcesBuildPhase section */
		1667ED2B1B4B4EF600CD1EB3 /* Sources */ = {
			isa = PBXSourcesBuildPhase;
			buildActionMask = 2147483647;
			files = (
				1667ED551B4B50AD00CD1EB3 /* ColoredSquareModel.swift in Sources */,
				1667ED371B4B4EF600CD1EB3 /* ViewController.swift in Sources */,
				1667ED571B4B517200CD1EB3 /* ColoredSquareView.swift in Sources */,
				1667ED351B4B4EF600CD1EB3 /* AppDelegate.swift in Sources */,
			);
			runOnlyForDeploymentPostprocessing = 0;
		};
		1667ED401B4B4EF600CD1EB3 /* Sources */ = {
			isa = PBXSourcesBuildPhase;
			buildActionMask = 2147483647;
			files = (
				1667ED4B1B4B4EF600CD1EB3 /* MyMVCdemoTests.swift in Sources */,
			);
			runOnlyForDeploymentPostprocessing = 0;
		};
/* End PBXSourcesBuildPhase section */

/* Begin PBXTargetDependency section */
		1667ED461B4B4EF600CD1EB3 /* PBXTargetDependency */ = {
			isa = PBXTargetDependency;
			target = 1667ED2E1B4B4EF600CD1EB3 /* MyMVCdemo */;
			targetProxy = 1667ED451B4B4EF600CD1EB3 /* PBXContainerItemProxy */;
		};
/* End PBXTargetDependency section */

/* Begin PBXVariantGroup section */
		1667ED381B4B4EF600CD1EB3 /* Main.storyboard */ = {
			isa = PBXVariantGroup;
			children = (
				1667ED391B4B4EF600CD1EB3 /* Base */,
			);
			name = Main.storyboard;
			sourceTree = "<group>";
		};
		1667ED3D1B4B4EF600CD1EB3 /* LaunchScreen.xib */ = {
			isa = PBXVariantGroup;
			children = (
				1667ED3E1B4B4EF600CD1EB3 /* Base */,
			);
			name = LaunchScreen.xib;
			sourceTree = "<group>";
		};
/* End PBXVariantGroup section */

/* Begin XCBuildConfiguration section */
		1667ED4C1B4B4EF600CD1EB3 /* Debug */ = {
			isa = XCBuildConfiguration;
			buildSettings = {
				ALWAYS_SEARCH_USER_PATHS = NO;
				CLANG_CXX_LANGUAGE_STANDARD = "gnu++0x";
				CLANG_CXX_LIBRARY = "libc++";
				CLANG_ENABLE_MODULES = YES;
				CLANG_ENABLE_OBJC_ARC = YES;
				CLANG_WARN_BOOL_CONVERSION = YES;
				CLANG_WARN_CONSTANT_CONVERSION = YES;
				CLANG_WARN_DIRECT_OBJC_ISA_USAGE = YES_ERROR;
				CLANG_WARN_EMPTY_BODY = YES;
				CLANG_WARN_ENUM_CONVERSION = YES;
				CLANG_WARN_INT_CONVERSION = YES;
				CLANG_WARN_OBJC_ROOT_CLASS = YES_ERROR;
				CLANG_WARN_UNREACHABLE_CODE = YES;
				CLANG_WARN__DUPLICATE_METHOD_MATCH = YES;
				"CODE_SIGN_IDENTITY[sdk=iphoneos*]" = "iPhone Developer";
				COPY_PHASE_STRIP = NO;
				DEBUG_INFORMATION_FORMAT = "dwarf-with-dsym";
				ENABLE_STRICT_OBJC_MSGSEND = YES;
				GCC_C_LANGUAGE_STANDARD = gnu99;
				GCC_DYNAMIC_NO_PIC = NO;
				GCC_NO_COMMON_BLOCKS = YES;
				GCC_OPTIMIZATION_LEVEL = 0;
				GCC_PREPROCESSOR_DEFINITIONS = (
					"DEBUG=1",
					"$(inherited)",
				);
				GCC_SYMBOLS_PRIVATE_EXTERN = NO;
				GCC_WARN_64_TO_32_BIT_CONVERSION = YES;
				GCC_WARN_ABOUT_RETURN_TYPE = YES_ERROR;
				GCC_WARN_UNDECLARED_SELECTOR = YES;
				GCC_WARN_UNINITIALIZED_AUTOS = YES_AGGRESSIVE;
				GCC_WARN_UNUSED_FUNCTION = YES;
				GCC_WARN_UNUSED_VARIABLE = YES;
				IPHONEOS_DEPLOYMENT_TARGET = 8.4;
				MTL_ENABLE_DEBUG_INFO = YES;
				ONLY_ACTIVE_ARCH = YES;
				SDKROOT = iphoneos;
				SWIFT_OPTIMIZATION_LEVEL = "-Onone";
				TARGETED_DEVICE_FAMILY = "1,2";
			};
			name = Debug;
		};
		1667ED4D1B4B4EF600CD1EB3 /* Release */ = {
			isa = XCBuildConfiguration;
			buildSettings = {
				ALWAYS_SEARCH_USER_PATHS = NO;
				CLANG_CXX_LANGUAGE_STANDARD = "gnu++0x";
				CLANG_CXX_LIBRARY = "libc++";
				CLANG_ENABLE_MODULES = YES;
				CLANG_ENABLE_OBJC_ARC = YES;
				CLANG_WARN_BOOL_CONVERSION = YES;
				CLANG_WARN_CONSTANT_CONVERSION = YES;
				CLANG_WARN_DIRECT_OBJC_ISA_USAGE = YES_ERROR;
				CLANG_WARN_EMPTY_BODY = YES;
				CLANG_WARN_ENUM_CONVERSION = YES;
				CLANG_WARN_INT_CONVERSION = YES;
				CLANG_WARN_OBJC_ROOT_CLASS = YES_ERROR;
				CLANG_WARN_UNREACHABLE_CODE = YES;
				CLANG_WARN__DUPLICATE_METHOD_MATCH = YES;
				"CODE_SIGN_IDENTITY[sdk=iphoneos*]" = "iPhone Developer";
				COPY_PHASE_STRIP = NO;
				DEBUG_INFORMATION_FORMAT = "dwarf-with-dsym";
				ENABLE_NS_ASSERTIONS = NO;
				ENABLE_STRICT_OBJC_MSGSEND = YES;
				GCC_C_LANGUAGE_STANDARD = gnu99;
				GCC_NO_COMMON_BLOCKS = YES;
				GCC_WARN_64_TO_32_BIT_CONVERSION = YES;
				GCC_WARN_ABOUT_RETURN_TYPE = YES_ERROR;
				GCC_WARN_UNDECLARED_SELECTOR = YES;
				GCC_WARN_UNINITIALIZED_AUTOS = YES_AGGRESSIVE;
				GCC_WARN_UNUSED_FUNCTION = YES;
				GCC_WARN_UNUSED_VARIABLE = YES;
				IPHONEOS_DEPLOYMENT_TARGET = 8.4;
				MTL_ENABLE_DEBUG_INFO = NO;
				SDKROOT = iphoneos;
				TARGETED_DEVICE_FAMILY = "1,2";
				VALIDATE_PRODUCT = YES;
			};
			name = Release;
		};
		1667ED4F1B4B4EF600CD1EB3 /* Debug */ = {
			isa = XCBuildConfiguration;
			buildSettings = {
				ASSETCATALOG_COMPILER_APPICON_NAME = AppIcon;
				INFOPLIST_FILE = MyMVCdemo/Info.plist;
				LD_RUNPATH_SEARCH_PATHS = "$(inherited) @executable_path/Frameworks";
				PRODUCT_NAME = "$(TARGET_NAME)";
			};
			name = Debug;
		};
		1667ED501B4B4EF600CD1EB3 /* Release */ = {
			isa = XCBuildConfiguration;
			buildSettings = {
				ASSETCATALOG_COMPILER_APPICON_NAME = AppIcon;
				INFOPLIST_FILE = MyMVCdemo/Info.plist;
				LD_RUNPATH_SEARCH_PATHS = "$(inherited) @executable_path/Frameworks";
				PRODUCT_NAME = "$(TARGET_NAME)";
			};
			name = Release;
		};
		1667ED521B4B4EF600CD1EB3 /* Debug */ = {
			isa = XCBuildConfiguration;
			buildSettings = {
				BUNDLE_LOADER = "$(TEST_HOST)";
				FRAMEWORK_SEARCH_PATHS = (
					"$(SDKROOT)/Developer/Library/Frameworks",
					"$(inherited)",
				);
				GCC_PREPROCESSOR_DEFINITIONS = (
					"DEBUG=1",
					"$(inherited)",
				);
				INFOPLIST_FILE = MyMVCdemoTests/Info.plist;
				LD_RUNPATH_SEARCH_PATHS = "$(inherited) @executable_path/Frameworks @loader_path/Frameworks";
				PRODUCT_NAME = "$(TARGET_NAME)";
				TEST_HOST = "$(BUILT_PRODUCTS_DIR)/MyMVCdemo.app/MyMVCdemo";
			};
			name = Debug;
		};
		1667ED531B4B4EF600CD1EB3 /* Release */ = {
			isa = XCBuildConfiguration;
			buildSettings = {
				BUNDLE_LOADER = "$(TEST_HOST)";
				FRAMEWORK_SEARCH_PATHS = (
					"$(SDKROOT)/Developer/Library/Frameworks",
					"$(inherited)",
				);
				INFOPLIST_FILE = MyMVCdemoTests/Info.plist;
				LD_RUNPATH_SEARCH_PATHS = "$(inherited) @executable_path/Frameworks @loader_path/Frameworks";
				PRODUCT_NAME = "$(TARGET_NAME)";
				TEST_HOST = "$(BUILT_PRODUCTS_DIR)/MyMVCdemo.app/MyMVCdemo";
			};
			name = Release;
		};
/* End XCBuildConfiguration section */

/* Begin XCConfigurationList section */
		1667ED2A1B4B4EF600CD1EB3 /* Build configuration list for PBXProject "MyMVCdemo" */ = {
			isa = XCConfigurationList;
			buildConfigurations = (
				1667ED4C1B4B4EF600CD1EB3 /* Debug */,
				1667ED4D1B4B4EF600CD1EB3 /* Release */,
			);
			defaultConfigurationIsVisible = 0;
			defaultConfigurationName = Release;
		};
		1667ED4E1B4B4EF600CD1EB3 /* Build configuration list for PBXNativeTarget "MyMVCdemo" */ = {
			isa = XCConfigurationList;
			buildConfigurations = (
				1667ED4F1B4B4EF600CD1EB3 /* Debug */,
				1667ED501B4B4EF600CD1EB3 /* Release */,
			);
			defaultConfigurationIsVisible = 0;
		};
		1667ED511B4B4EF600CD1EB3 /* Build configuration list for PBXNativeTarget "MyMVCdemoTests" */ = {
			isa = XCConfigurationList;
			buildConfigurations = (
				1667ED521B4B4EF600CD1EB3 /* Debug */,
				1667ED531B4B4EF600CD1EB3 /* Release */,
			);
			defaultConfigurationIsVisible = 0;
		};
/* End XCConfigurationList section */
	};
	rootObject = 1667ED271B4B4EF600CD1EB3 /* Project object */;
}
