// !$*UTF8*$!
{
	archiveVersion = 1;
	classes = {
	};
	objectVersion = 46;
	objects = {

/* Begin PBXBuildFile section */
		169865471B44A9D200045A89 /* AppDelegate.swift in Sources */ = {isa = PBXBuildFile; fileRef = 169865461B44A9D200045A89 /* AppDelegate.swift */; };
		169865491B44A9D200045A89 /* ViewController.swift in Sources */ = {isa = PBXBuildFile; fileRef = 169865481B44A9D200045A89 /* ViewController.swift */; };
		1698654C1B44A9D200045A89 /* Main.storyboard in Resources */ = {isa = PBXBuildFile; fileRef = 1698654A1B44A9D200045A89 /* Main.storyboard */; };
		1698654E1B44A9D200045A89 /* Images.xcassets in Resources */ = {isa = PBXBuildFile; fileRef = 1698654D1B44A9D200045A89 /* Images.xcassets */; };
		169865511B44A9D200045A89 /* LaunchScreen.xib in Resources */ = {isa = PBXBuildFile; fileRef = 1698654F1B44A9D200045A89 /* LaunchScreen.xib */; };
		1698655D1B44A9D200045A89 /* L4TestsTests.swift in Sources */ = {isa = PBXBuildFile; fileRef = 1698655C1B44A9D200045A89 /* L4TestsTests.swift */; };
/* End PBXBuildFile section */

/* Begin PBXContainerItemProxy section */
		169865571B44A9D200045A89 /* PBXContainerItemProxy */ = {
			isa = PBXContainerItemProxy;
			containerPortal = 169865391B44A9D200045A89 /* Project object */;
			proxyType = 1;
			remoteGlobalIDString = 169865401B44A9D200045A89;
			remoteInfo = L4Tests;
		};
/* End PBXContainerItemProxy section */

/* Begin PBXFileReference section */
		169865411B44A9D200045A89 /* L4Tests.app */ = {isa = PBXFileReference; explicitFileType = wrapper.application; includeInIndex = 0; path = L4Tests.app; sourceTree = BUILT_PRODUCTS_DIR; };
		169865451B44A9D200045A89 /* Info.plist */ = {isa = PBXFileReference; lastKnownFileType = text.plist.xml; path = Info.plist; sourceTree = "<group>"; };
		169865461B44A9D200045A89 /* AppDelegate.swift */ = {isa = PBXFileReference; lastKnownFileType = sourcecode.swift; path = AppDelegate.swift; sourceTree = "<group>"; };
		169865481B44A9D200045A89 /* ViewController.swift */ = {isa = PBXFileReference; lastKnownFileType = sourcecode.swift; path = ViewController.swift; sourceTree = "<group>"; };
		1698654B1B44A9D200045A89 /* Base */ = {isa = PBXFileReference; lastKnownFileType = file.storyboard; name = Base; path = Base.lproj/Main.storyboard; sourceTree = "<group>"; };
		1698654D1B44A9D200045A89 /* Images.xcassets */ = {isa = PBXFileReference; lastKnownFileType = folder.assetcatalog; path = Images.xcassets; sourceTree = "<group>"; };
		169865501B44A9D200045A89 /* Base */ = {isa = PBXFileReference; lastKnownFileType = file.xib; name = Base; path = Base.lproj/LaunchScreen.xib; sourceTree = "<group>"; };
		169865561B44A9D200045A89 /* L4TestsTests.xctest */ = {isa = PBXFileReference; explicitFileType = wrapper.cfbundle; includeInIndex = 0; path = L4TestsTests.xctest; sourceTree = BUILT_PRODUCTS_DIR; };
		1698655B1B44A9D200045A89 /* Info.plist */ = {isa = PBXFileReference; lastKnownFileType = text.plist.xml; path = Info.plist; sourceTree = "<group>"; };
		1698655C1B44A9D200045A89 /* L4TestsTests.swift */ = {isa = PBXFileReference; lastKnownFileType = sourcecode.swift; path = L4TestsTests.swift; sourceTree = "<group>"; };
/* End PBXFileReference section */

/* Begin PBXFrameworksBuildPhase section */
		1698653E1B44A9D200045A89 /* Frameworks */ = {
			isa = PBXFrameworksBuildPhase;
			buildActionMask = 2147483647;
			files = (
			);
			runOnlyForDeploymentPostprocessing = 0;
		};
		169865531B44A9D200045A89 /* Frameworks */ = {
			isa = PBXFrameworksBuildPhase;
			buildActionMask = 2147483647;
			files = (
			);
			runOnlyForDeploymentPostprocessing = 0;
		};
/* End PBXFrameworksBuildPhase section */

/* Begin PBXGroup section */
		169865381B44A9D200045A89 = {
			isa = PBXGroup;
			children = (
				169865431B44A9D200045A89 /* L4Tests */,
				169865591B44A9D200045A89 /* L4TestsTests */,
				169865421B44A9D200045A89 /* Products */,
			);
			sourceTree = "<group>";
		};
		169865421B44A9D200045A89 /* Products */ = {
			isa = PBXGroup;
			children = (
				169865411B44A9D200045A89 /* L4Tests.app */,
				169865561B44A9D200045A89 /* L4TestsTests.xctest */,
			);
			name = Products;
			sourceTree = "<group>";
		};
		169865431B44A9D200045A89 /* L4Tests */ = {
			isa = PBXGroup;
			children = (
				169865461B44A9D200045A89 /* AppDelegate.swift */,
				169865481B44A9D200045A89 /* ViewController.swift */,
				1698654A1B44A9D200045A89 /* Main.storyboard */,
				169865441B44A9D200045A89 /* Supporting Files */,
			);
			path = L4Tests;
			sourceTree = "<group>";
		};
		169865441B44A9D200045A89 /* Supporting Files */ = {
			isa = PBXGroup;
			children = (
				1698654D1B44A9D200045A89 /* Images.xcassets */,
				1698654F1B44A9D200045A89 /* LaunchScreen.xib */,
				169865451B44A9D200045A89 /* Info.plist */,
			);
			name = "Supporting Files";
			sourceTree = "<group>";
		};
		169865591B44A9D200045A89 /* L4TestsTests */ = {
			isa = PBXGroup;
			children = (
				1698655C1B44A9D200045A89 /* L4TestsTests.swift */,
				1698655A1B44A9D200045A89 /* Supporting Files */,
			);
			path = L4TestsTests;
			sourceTree = "<group>";
		};
		1698655A1B44A9D200045A89 /* Supporting Files */ = {
			isa = PBXGroup;
			children = (
				1698655B1B44A9D200045A89 /* Info.plist */,
			);
			name = "Supporting Files";
			sourceTree = "<group>";
		};
/* End PBXGroup section */

/* Begin PBXNativeTarget section */
		169865401B44A9D200045A89 /* L4Tests */ = {
			isa = PBXNativeTarget;
			buildConfigurationList = 169865601B44A9D200045A89 /* Build configuration list for PBXNativeTarget "L4Tests" */;
			buildPhases = (
				1698653D1B44A9D200045A89 /* Sources */,
				1698653E1B44A9D200045A89 /* Frameworks */,
				1698653F1B44A9D200045A89 /* Resources */,
			);
			buildRules = (
			);
			dependencies = (
			);
			name = L4Tests;
			productName = L4Tests;
			productReference = 169865411B44A9D200045A89 /* L4Tests.app */;
			productType = "com.apple.product-type.application";
		};
		169865551B44A9D200045A89 /* L4TestsTests */ = {
			isa = PBXNativeTarget;
			buildConfigurationList = 169865631B44A9D200045A89 /* Build configuration list for PBXNativeTarget "L4TestsTests" */;
			buildPhases = (
				169865521B44A9D200045A89 /* Sources */,
				169865531B44A9D200045A89 /* Frameworks */,
				169865541B44A9D200045A89 /* Resources */,
			);
			buildRules = (
			);
			dependencies = (
				169865581B44A9D200045A89 /* PBXTargetDependency */,
			);
			name = L4TestsTests;
			productName = L4TestsTests;
			productReference = 169865561B44A9D200045A89 /* L4TestsTests.xctest */;
			productType = "com.apple.product-type.bundle.unit-test";
		};
/* End PBXNativeTarget section */

/* Begin PBXProject section */
		169865391B44A9D200045A89 /* Project object */ = {
			isa = PBXProject;
			attributes = {
				LastUpgradeCheck = 0640;
				ORGANIZATIONNAME = Peng;
				TargetAttributes = {
					169865401B44A9D200045A89 = {
						CreatedOnToolsVersion = 6.4;
					};
					169865551B44A9D200045A89 = {
						CreatedOnToolsVersion = 6.4;
						TestTargetID = 169865401B44A9D200045A89;
					};
				};
			};
			buildConfigurationList = 1698653C1B44A9D200045A89 /* Build configuration list for PBXProject "L4Tests" */;
			compatibilityVersion = "Xcode 3.2";
			developmentRegion = English;
			hasScannedForEncodings = 0;
			knownRegions = (
				en,
				Base,
			);
			mainGroup = 169865381B44A9D200045A89;
			productRefGroup = 169865421B44A9D200045A89 /* Products */;
			projectDirPath = "";
			projectRoot = "";
			targets = (
				169865401B44A9D200045A89 /* L4Tests */,
				169865551B44A9D200045A89 /* L4TestsTests */,
			);
		};
/* End PBXProject section */

/* Begin PBXResourcesBuildPhase section */
		1698653F1B44A9D200045A89 /* Resources */ = {
			isa = PBXResourcesBuildPhase;
			buildActionMask = 2147483647;
			files = (
				1698654C1B44A9D200045A89 /* Main.storyboard in Resources */,
				169865511B44A9D200045A89 /* LaunchScreen.xib in Resources */,
				1698654E1B44A9D200045A89 /* Images.xcassets in Resources */,
			);
			runOnlyForDeploymentPostprocessing = 0;
		};
		169865541B44A9D200045A89 /* Resources */ = {
			isa = PBXResourcesBuildPhase;
			buildActionMask = 2147483647;
			files = (
			);
			runOnlyForDeploymentPostprocessing = 0;
		};
/* End PBXResourcesBuildPhase section */

/* Begin PBXSourcesBuildPhase section */
		1698653D1B44A9D200045A89 /* Sources */ = {
			isa = PBXSourcesBuildPhase;
			buildActionMask = 2147483647;
			files = (
				169865491B44A9D200045A89 /* ViewController.swift in Sources */,
				169865471B44A9D200045A89 /* AppDelegate.swift in Sources */,
			);
			runOnlyForDeploymentPostprocessing = 0;
		};
		169865521B44A9D200045A89 /* Sources */ = {
			isa = PBXSourcesBuildPhase;
			buildActionMask = 2147483647;
			files = (
				1698655D1B44A9D200045A89 /* L4TestsTests.swift in Sources */,
			);
			runOnlyForDeploymentPostprocessing = 0;
		};
/* End PBXSourcesBuildPhase section */

/* Begin PBXTargetDependency section */
		169865581B44A9D200045A89 /* PBXTargetDependency */ = {
			isa = PBXTargetDependency;
			target = 169865401B44A9D200045A89 /* L4Tests */;
			targetProxy = 169865571B44A9D200045A89 /* PBXContainerItemProxy */;
		};
/* End PBXTargetDependency section */

/* Begin PBXVariantGroup section */
		1698654A1B44A9D200045A89 /* Main.storyboard */ = {
			isa = PBXVariantGroup;
			children = (
				1698654B1B44A9D200045A89 /* Base */,
			);
			name = Main.storyboard;
			sourceTree = "<group>";
		};
		1698654F1B44A9D200045A89 /* LaunchScreen.xib */ = {
			isa = PBXVariantGroup;
			children = (
				169865501B44A9D200045A89 /* Base */,
			);
			name = LaunchScreen.xib;
			sourceTree = "<group>";
		};
/* End PBXVariantGroup section */

/* Begin XCBuildConfiguration section */
		1698655E1B44A9D200045A89 /* Debug */ = {
			isa = XCBuildConfiguration;
			buildSettings = {
				ALWAYS_SEARCH_USER_PATHS = NO;
				CLANG_CXX_LANGUAGE_STANDARD = "gnu++0x";
				CLANG_CXX_LIBRARY = "libc++";
				CLANG_ENABLE_MODULES = YES;
				CLANG_ENABLE_OBJC_ARC = YES;
				CLANG_WARN_BOOL_CONVERSION = YES;
				CLANG_WARN_CONSTANT_CONVERSION = YES;
				CLANG_WARN_DIRECT_OBJC_ISA_USAGE = YES_ERROR;
				CLANG_WARN_EMPTY_BODY = YES;
				CLANG_WARN_ENUM_CONVERSION = YES;
				CLANG_WARN_INT_CONVERSION = YES;
				CLANG_WARN_OBJC_ROOT_CLASS = YES_ERROR;
				CLANG_WARN_UNREACHABLE_CODE = YES;
				CLANG_WARN__DUPLICATE_METHOD_MATCH = YES;
				"CODE_SIGN_IDENTITY[sdk=iphoneos*]" = "iPhone Developer";
				COPY_PHASE_STRIP = NO;
				DEBUG_INFORMATION_FORMAT = "dwarf-with-dsym";
				ENABLE_STRICT_OBJC_MSGSEND = YES;
				GCC_C_LANGUAGE_STANDARD = gnu99;
				GCC_DYNAMIC_NO_PIC = NO;
				GCC_NO_COMMON_BLOCKS = YES;
				GCC_OPTIMIZATION_LEVEL = 0;
				GCC_PREPROCESSOR_DEFINITIONS = (
					"DEBUG=1",
					"$(inherited)",
				);
				GCC_SYMBOLS_PRIVATE_EXTERN = NO;
				GCC_WARN_64_TO_32_BIT_CONVERSION = YES;
				GCC_WARN_ABOUT_RETURN_TYPE = YES_ERROR;
				GCC_WARN_UNDECLARED_SELECTOR = YES;
				GCC_WARN_UNINITIALIZED_AUTOS = YES_AGGRESSIVE;
				GCC_WARN_UNUSED_FUNCTION = YES;
				GCC_WARN_UNUSED_VARIABLE = YES;
				IPHONEOS_DEPLOYMENT_TARGET = 8.4;
				MTL_ENABLE_DEBUG_INFO = YES;
				ONLY_ACTIVE_ARCH = YES;
				SDKROOT = iphoneos;
				SWIFT_OPTIMIZATION_LEVEL = "-Onone";
				TARGETED_DEVICE_FAMILY = "1,2";
			};
			name = Debug;
		};
		1698655F1B44A9D200045A89 /* Release */ = {
			isa = XCBuildConfiguration;
			buildSettings = {
				ALWAYS_SEARCH_USER_PATHS = NO;
				CLANG_CXX_LANGUAGE_STANDARD = "gnu++0x";
				CLANG_CXX_LIBRARY = "libc++";
				CLANG_ENABLE_MODULES = YES;
				CLANG_ENABLE_OBJC_ARC = YES;
				CLANG_WARN_BOOL_CONVERSION = YES;
				CLANG_WARN_CONSTANT_CONVERSION = YES;
				CLANG_WARN_DIRECT_OBJC_ISA_USAGE = YES_ERROR;
				CLANG_WARN_EMPTY_BODY = YES;
				CLANG_WARN_ENUM_CONVERSION = YES;
				CLANG_WARN_INT_CONVERSION = YES;
				CLANG_WARN_OBJC_ROOT_CLASS = YES_ERROR;
				CLANG_WARN_UNREACHABLE_CODE = YES;
				CLANG_WARN__DUPLICATE_METHOD_MATCH = YES;
				"CODE_SIGN_IDENTITY[sdk=iphoneos*]" = "iPhone Developer";
				COPY_PHASE_STRIP = NO;
				DEBUG_INFORMATION_FORMAT = "dwarf-with-dsym";
				ENABLE_NS_ASSERTIONS = NO;
				ENABLE_STRICT_OBJC_MSGSEND = YES;
				GCC_C_LANGUAGE_STANDARD = gnu99;
				GCC_NO_COMMON_BLOCKS = YES;
				GCC_WARN_64_TO_32_BIT_CONVERSION = YES;
				GCC_WARN_ABOUT_RETURN_TYPE = YES_ERROR;
				GCC_WARN_UNDECLARED_SELECTOR = YES;
				GCC_WARN_UNINITIALIZED_AUTOS = YES_AGGRESSIVE;
				GCC_WARN_UNUSED_FUNCTION = YES;
				GCC_WARN_UNUSED_VARIABLE = YES;
				IPHONEOS_DEPLOYMENT_TARGET = 8.4;
				MTL_ENABLE_DEBUG_INFO = NO;
				SDKROOT = iphoneos;
				TARGETED_DEVICE_FAMILY = "1,2";
				VALIDATE_PRODUCT = YES;
			};
			name = Release;
		};
		169865611B44A9D200045A89 /* Debug */ = {
			isa = XCBuildConfiguration;
			buildSettings = {
				ASSETCATALOG_COMPILER_APPICON_NAME = AppIcon;
				INFOPLIST_FILE = L4Tests/Info.plist;
				LD_RUNPATH_SEARCH_PATHS = "$(inherited) @executable_path/Frameworks";
				PRODUCT_NAME = "$(TARGET_NAME)";
			};
			name = Debug;
		};
		169865621B44A9D200045A89 /* Release */ = {
			isa = XCBuildConfiguration;
			buildSettings = {
				ASSETCATALOG_COMPILER_APPICON_NAME = AppIcon;
				INFOPLIST_FILE = L4Tests/Info.plist;
				LD_RUNPATH_SEARCH_PATHS = "$(inherited) @executable_path/Frameworks";
				PRODUCT_NAME = "$(TARGET_NAME)";
			};
			name = Release;
		};
		169865641B44A9D200045A89 /* Debug */ = {
			isa = XCBuildConfiguration;
			buildSettings = {
				BUNDLE_LOADER = "$(TEST_HOST)";
				FRAMEWORK_SEARCH_PATHS = (
					"$(SDKROOT)/Developer/Library/Frameworks",
					"$(inherited)",
				);
				GCC_PREPROCESSOR_DEFINITIONS = (
					"DEBUG=1",
					"$(inherited)",
				);
				INFOPLIST_FILE = L4TestsTests/Info.plist;
				LD_RUNPATH_SEARCH_PATHS = "$(inherited) @executable_path/Frameworks @loader_path/Frameworks";
				PRODUCT_NAME = "$(TARGET_NAME)";
				TEST_HOST = "$(BUILT_PRODUCTS_DIR)/L4Tests.app/L4Tests";
			};
			name = Debug;
		};
		169865651B44A9D200045A89 /* Release */ = {
			isa = XCBuildConfiguration;
			buildSettings = {
				BUNDLE_LOADER = "$(TEST_HOST)";
				FRAMEWORK_SEARCH_PATHS = (
					"$(SDKROOT)/Developer/Library/Frameworks",
					"$(inherited)",
				);
				INFOPLIST_FILE = L4TestsTests/Info.plist;
				LD_RUNPATH_SEARCH_PATHS = "$(inherited) @executable_path/Frameworks @loader_path/Frameworks";
				PRODUCT_NAME = "$(TARGET_NAME)";
				TEST_HOST = "$(BUILT_PRODUCTS_DIR)/L4Tests.app/L4Tests";
			};
			name = Release;
		};
/* End XCBuildConfiguration section */

/* Begin XCConfigurationList section */
		1698653C1B44A9D200045A89 /* Build configuration list for PBXProject "L4Tests" */ = {
			isa = XCConfigurationList;
			buildConfigurations = (
				1698655E1B44A9D200045A89 /* Debug */,
				1698655F1B44A9D200045A89 /* Release */,
			);
			defaultConfigurationIsVisible = 0;
			defaultConfigurationName = Release;
		};
		169865601B44A9D200045A89 /* Build configuration list for PBXNativeTarget "L4Tests" */ = {
			isa = XCConfigurationList;
			buildConfigurations = (
				169865611B44A9D200045A89 /* Debug */,
				169865621B44A9D200045A89 /* Release */,
			);
			defaultConfigurationIsVisible = 0;
		};
		169865631B44A9D200045A89 /* Build configuration list for PBXNativeTarget "L4TestsTests" */ = {
			isa = XCConfigurationList;
			buildConfigurations = (
				169865641B44A9D200045A89 /* Debug */,
				169865651B44A9D200045A89 /* Release */,
			);
			defaultConfigurationIsVisible = 0;
		};
/* End XCConfigurationList section */
	};
	rootObject = 169865391B44A9D200045A89 /* Project object */;
}
