// !$*UTF8*$!
{
	archiveVersion = 1;
	classes = {
	};
	objectVersion = 46;
	objects = {

/* Begin PBXBuildFile section */
		AA68D68C1B5E931C00EF1585 /* AppDelegate.swift in Sources */ = {isa = PBXBuildFile; fileRef = AA68D68B1B5E931C00EF1585 /* AppDelegate.swift */; };
		AA68D68E1B5E931C00EF1585 /* ViewController.swift in Sources */ = {isa = PBXBuildFile; fileRef = AA68D68D1B5E931C00EF1585 /* ViewController.swift */; };
		AA68D6911B5E931C00EF1585 /* Main.storyboard in Resources */ = {isa = PBXBuildFile; fileRef = AA68D68F1B5E931C00EF1585 /* Main.storyboard */; };
		AA68D6931B5E931C00EF1585 /* Images.xcassets in Resources */ = {isa = PBXBuildFile; fileRef = AA68D6921B5E931C00EF1585 /* Images.xcassets */; };
		AA68D6961B5E931C00EF1585 /* LaunchScreen.xib in Resources */ = {isa = PBXBuildFile; fileRef = AA68D6941B5E931C00EF1585 /* LaunchScreen.xib */; };
		AA68D6A21B5E931C00EF1585 /* He_Peng_Prob1_StoryBoardTests.swift in Sources */ = {isa = PBXBuildFile; fileRef = AA68D6A11B5E931C00EF1585 /* He_Peng_Prob1_StoryBoardTests.swift */; };
		AA68D6AC1B5EDB3E00EF1585 /* fo_kai.gif in Resources */ = {isa = PBXBuildFile; fileRef = AA68D6AB1B5EDB3E00EF1585 /* fo_kai.gif */; };
		AA68D6AE1B5EDD0B00EF1585 /* fo_zhuan.gif in Resources */ = {isa = PBXBuildFile; fileRef = AA68D6AD1B5EDD0B00EF1585 /* fo_zhuan.gif */; };
		AA68D6B01B5EDD1800EF1585 /* fo_xiang.jpg in Resources */ = {isa = PBXBuildFile; fileRef = AA68D6AF1B5EDD1800EF1585 /* fo_xiang.jpg */; };
/* End PBXBuildFile section */

/* Begin PBXContainerItemProxy section */
		AA68D69C1B5E931C00EF1585 /* PBXContainerItemProxy */ = {
			isa = PBXContainerItemProxy;
			containerPortal = AA68D67E1B5E931C00EF1585 /* Project object */;
			proxyType = 1;
			remoteGlobalIDString = AA68D6851B5E931C00EF1585;
			remoteInfo = "He-Peng-Prob1-StoryBoard";
		};
/* End PBXContainerItemProxy section */

/* Begin PBXFileReference section */
		AA68D6861B5E931C00EF1585 /* He-Peng-Prob1-StoryBoard.app */ = {isa = PBXFileReference; explicitFileType = wrapper.application; includeInIndex = 0; path = "He-Peng-Prob1-StoryBoard.app"; sourceTree = BUILT_PRODUCTS_DIR; };
		AA68D68A1B5E931C00EF1585 /* Info.plist */ = {isa = PBXFileReference; lastKnownFileType = text.plist.xml; path = Info.plist; sourceTree = "<group>"; };
		AA68D68B1B5E931C00EF1585 /* AppDelegate.swift */ = {isa = PBXFileReference; lastKnownFileType = sourcecode.swift; path = AppDelegate.swift; sourceTree = "<group>"; };
		AA68D68D1B5E931C00EF1585 /* ViewController.swift */ = {isa = PBXFileReference; lastKnownFileType = sourcecode.swift; path = ViewController.swift; sourceTree = "<group>"; };
		AA68D6901B5E931C00EF1585 /* Base */ = {isa = PBXFileReference; lastKnownFileType = file.storyboard; name = Base; path = Base.lproj/Main.storyboard; sourceTree = "<group>"; };
		AA68D6921B5E931C00EF1585 /* Images.xcassets */ = {isa = PBXFileReference; lastKnownFileType = folder.assetcatalog; path = Images.xcassets; sourceTree = "<group>"; };
		AA68D6951B5E931C00EF1585 /* Base */ = {isa = PBXFileReference; lastKnownFileType = file.xib; name = Base; path = Base.lproj/LaunchScreen.xib; sourceTree = "<group>"; };
		AA68D69B1B5E931C00EF1585 /* He-Peng-Prob1-StoryBoardTests.xctest */ = {isa = PBXFileReference; explicitFileType = wrapper.cfbundle; includeInIndex = 0; path = "He-Peng-Prob1-StoryBoardTests.xctest"; sourceTree = BUILT_PRODUCTS_DIR; };
		AA68D6A01B5E931C00EF1585 /* Info.plist */ = {isa = PBXFileReference; lastKnownFileType = text.plist.xml; path = Info.plist; sourceTree = "<group>"; };
		AA68D6A11B5E931C00EF1585 /* He_Peng_Prob1_StoryBoardTests.swift */ = {isa = PBXFileReference; lastKnownFileType = sourcecode.swift; path = He_Peng_Prob1_StoryBoardTests.swift; sourceTree = "<group>"; };
		AA68D6AB1B5EDB3E00EF1585 /* fo_kai.gif */ = {isa = PBXFileReference; lastKnownFileType = image.gif; path = fo_kai.gif; sourceTree = "<group>"; };
		AA68D6AD1B5EDD0B00EF1585 /* fo_zhuan.gif */ = {isa = PBXFileReference; lastKnownFileType = image.gif; path = fo_zhuan.gif; sourceTree = "<group>"; };
		AA68D6AF1B5EDD1800EF1585 /* fo_xiang.jpg */ = {isa = PBXFileReference; lastKnownFileType = image.jpeg; path = fo_xiang.jpg; sourceTree = "<group>"; };
/* End PBXFileReference section */

/* Begin PBXFrameworksBuildPhase section */
		AA68D6831B5E931C00EF1585 /* Frameworks */ = {
			isa = PBXFrameworksBuildPhase;
			buildActionMask = 2147483647;
			files = (
			);
			runOnlyForDeploymentPostprocessing = 0;
		};
		AA68D6981B5E931C00EF1585 /* Frameworks */ = {
			isa = PBXFrameworksBuildPhase;
			buildActionMask = 2147483647;
			files = (
			);
			runOnlyForDeploymentPostprocessing = 0;
		};
/* End PBXFrameworksBuildPhase section */

/* Begin PBXGroup section */
		AA68D67D1B5E931C00EF1585 = {
			isa = PBXGroup;
			children = (
				AA68D6881B5E931C00EF1585 /* He-Peng-Prob1-StoryBoard */,
				AA68D69E1B5E931C00EF1585 /* He-Peng-Prob1-StoryBoardTests */,
				AA68D6871B5E931C00EF1585 /* Products */,
			);
			sourceTree = "<group>";
		};
		AA68D6871B5E931C00EF1585 /* Products */ = {
			isa = PBXGroup;
			children = (
				AA68D6861B5E931C00EF1585 /* He-Peng-Prob1-StoryBoard.app */,
				AA68D69B1B5E931C00EF1585 /* He-Peng-Prob1-StoryBoardTests.xctest */,
			);
			name = Products;
			sourceTree = "<group>";
		};
		AA68D6881B5E931C00EF1585 /* He-Peng-Prob1-StoryBoard */ = {
			isa = PBXGroup;
			children = (
				AA68D68B1B5E931C00EF1585 /* AppDelegate.swift */,
				AA68D68D1B5E931C00EF1585 /* ViewController.swift */,
				AA68D68F1B5E931C00EF1585 /* Main.storyboard */,
				AA68D6921B5E931C00EF1585 /* Images.xcassets */,
				AA68D6941B5E931C00EF1585 /* LaunchScreen.xib */,
				AA68D6891B5E931C00EF1585 /* Supporting Files */,
			);
			path = "He-Peng-Prob1-StoryBoard";
			sourceTree = "<group>";
		};
		AA68D6891B5E931C00EF1585 /* Supporting Files */ = {
			isa = PBXGroup;
			children = (
				AA68D6AF1B5EDD1800EF1585 /* fo_xiang.jpg */,
				AA68D6AD1B5EDD0B00EF1585 /* fo_zhuan.gif */,
				AA68D6AB1B5EDB3E00EF1585 /* fo_kai.gif */,
				AA68D68A1B5E931C00EF1585 /* Info.plist */,
			);
			name = "Supporting Files";
			sourceTree = "<group>";
		};
		AA68D69E1B5E931C00EF1585 /* He-Peng-Prob1-StoryBoardTests */ = {
			isa = PBXGroup;
			children = (
				AA68D6A11B5E931C00EF1585 /* He_Peng_Prob1_StoryBoardTests.swift */,
				AA68D69F1B5E931C00EF1585 /* Supporting Files */,
			);
			path = "He-Peng-Prob1-StoryBoardTests";
			sourceTree = "<group>";
		};
		AA68D69F1B5E931C00EF1585 /* Supporting Files */ = {
			isa = PBXGroup;
			children = (
				AA68D6A01B5E931C00EF1585 /* Info.plist */,
			);
			name = "Supporting Files";
			sourceTree = "<group>";
		};
/* End PBXGroup section */

/* Begin PBXNativeTarget section */
		AA68D6851B5E931C00EF1585 /* He-Peng-Prob1-StoryBoard */ = {
			isa = PBXNativeTarget;
			buildConfigurationList = AA68D6A51B5E931C00EF1585 /* Build configuration list for PBXNativeTarget "He-Peng-Prob1-StoryBoard" */;
			buildPhases = (
				AA68D6821B5E931C00EF1585 /* Sources */,
				AA68D6831B5E931C00EF1585 /* Frameworks */,
				AA68D6841B5E931C00EF1585 /* Resources */,
			);
			buildRules = (
			);
			dependencies = (
			);
			name = "He-Peng-Prob1-StoryBoard";
			productName = "He-Peng-Prob1-StoryBoard";
			productReference = AA68D6861B5E931C00EF1585 /* He-Peng-Prob1-StoryBoard.app */;
			productType = "com.apple.product-type.application";
		};
		AA68D69A1B5E931C00EF1585 /* He-Peng-Prob1-StoryBoardTests */ = {
			isa = PBXNativeTarget;
			buildConfigurationList = AA68D6A81B5E931C00EF1585 /* Build configuration list for PBXNativeTarget "He-Peng-Prob1-StoryBoardTests" */;
			buildPhases = (
				AA68D6971B5E931C00EF1585 /* Sources */,
				AA68D6981B5E931C00EF1585 /* Frameworks */,
				AA68D6991B5E931C00EF1585 /* Resources */,
			);
			buildRules = (
			);
			dependencies = (
				AA68D69D1B5E931C00EF1585 /* PBXTargetDependency */,
			);
			name = "He-Peng-Prob1-StoryBoardTests";
			productName = "He-Peng-Prob1-StoryBoardTests";
			productReference = AA68D69B1B5E931C00EF1585 /* He-Peng-Prob1-StoryBoardTests.xctest */;
			productType = "com.apple.product-type.bundle.unit-test";
		};
/* End PBXNativeTarget section */

/* Begin PBXProject section */
		AA68D67E1B5E931C00EF1585 /* Project object */ = {
			isa = PBXProject;
			attributes = {
				LastUpgradeCheck = 0640;
				ORGANIZATIONNAME = HePeng;
				TargetAttributes = {
					AA68D6851B5E931C00EF1585 = {
						CreatedOnToolsVersion = 6.4;
					};
					AA68D69A1B5E931C00EF1585 = {
						CreatedOnToolsVersion = 6.4;
						TestTargetID = AA68D6851B5E931C00EF1585;
					};
				};
			};
			buildConfigurationList = AA68D6811B5E931C00EF1585 /* Build configuration list for PBXProject "He-Peng-Prob1-StoryBoard" */;
			compatibilityVersion = "Xcode 3.2";
			developmentRegion = English;
			hasScannedForEncodings = 0;
			knownRegions = (
				en,
				Base,
			);
			mainGroup = AA68D67D1B5E931C00EF1585;
			productRefGroup = AA68D6871B5E931C00EF1585 /* Products */;
			projectDirPath = "";
			projectRoot = "";
			targets = (
				AA68D6851B5E931C00EF1585 /* He-Peng-Prob1-StoryBoard */,
				AA68D69A1B5E931C00EF1585 /* He-Peng-Prob1-StoryBoardTests */,
			);
		};
/* End PBXProject section */

/* Begin PBXResourcesBuildPhase section */
		AA68D6841B5E931C00EF1585 /* Resources */ = {
			isa = PBXResourcesBuildPhase;
			buildActionMask = 2147483647;
			files = (
				AA68D6911B5E931C00EF1585 /* Main.storyboard in Resources */,
				AA68D6961B5E931C00EF1585 /* LaunchScreen.xib in Resources */,
				AA68D6AC1B5EDB3E00EF1585 /* fo_kai.gif in Resources */,
				AA68D6AE1B5EDD0B00EF1585 /* fo_zhuan.gif in Resources */,
				AA68D6931B5E931C00EF1585 /* Images.xcassets in Resources */,
				AA68D6B01B5EDD1800EF1585 /* fo_xiang.jpg in Resources */,
			);
			runOnlyForDeploymentPostprocessing = 0;
		};
		AA68D6991B5E931C00EF1585 /* Resources */ = {
			isa = PBXResourcesBuildPhase;
			buildActionMask = 2147483647;
			files = (
			);
			runOnlyForDeploymentPostprocessing = 0;
		};
/* End PBXResourcesBuildPhase section */

/* Begin PBXSourcesBuildPhase section */
		AA68D6821B5E931C00EF1585 /* Sources */ = {
			isa = PBXSourcesBuildPhase;
			buildActionMask = 2147483647;
			files = (
				AA68D68E1B5E931C00EF1585 /* ViewController.swift in Sources */,
				AA68D68C1B5E931C00EF1585 /* AppDelegate.swift in Sources */,
			);
			runOnlyForDeploymentPostprocessing = 0;
		};
		AA68D6971B5E931C00EF1585 /* Sources */ = {
			isa = PBXSourcesBuildPhase;
			buildActionMask = 2147483647;
			files = (
				AA68D6A21B5E931C00EF1585 /* He_Peng_Prob1_StoryBoardTests.swift in Sources */,
			);
			runOnlyForDeploymentPostprocessing = 0;
		};
/* End PBXSourcesBuildPhase section */

/* Begin PBXTargetDependency section */
		AA68D69D1B5E931C00EF1585 /* PBXTargetDependency */ = {
			isa = PBXTargetDependency;
			target = AA68D6851B5E931C00EF1585 /* He-Peng-Prob1-StoryBoard */;
			targetProxy = AA68D69C1B5E931C00EF1585 /* PBXContainerItemProxy */;
		};
/* End PBXTargetDependency section */

/* Begin PBXVariantGroup section */
		AA68D68F1B5E931C00EF1585 /* Main.storyboard */ = {
			isa = PBXVariantGroup;
			children = (
				AA68D6901B5E931C00EF1585 /* Base */,
			);
			name = Main.storyboard;
			sourceTree = "<group>";
		};
		AA68D6941B5E931C00EF1585 /* LaunchScreen.xib */ = {
			isa = PBXVariantGroup;
			children = (
				AA68D6951B5E931C00EF1585 /* Base */,
			);
			name = LaunchScreen.xib;
			sourceTree = "<group>";
		};
/* End PBXVariantGroup section */

/* Begin XCBuildConfiguration section */
		AA68D6A31B5E931C00EF1585 /* Debug */ = {
			isa = XCBuildConfiguration;
			buildSettings = {
				ALWAYS_SEARCH_USER_PATHS = NO;
				CLANG_CXX_LANGUAGE_STANDARD = "gnu++0x";
				CLANG_CXX_LIBRARY = "libc++";
				CLANG_ENABLE_MODULES = YES;
				CLANG_ENABLE_OBJC_ARC = YES;
				CLANG_WARN_BOOL_CONVERSION = YES;
				CLANG_WARN_CONSTANT_CONVERSION = YES;
				CLANG_WARN_DIRECT_OBJC_ISA_USAGE = YES_ERROR;
				CLANG_WARN_EMPTY_BODY = YES;
				CLANG_WARN_ENUM_CONVERSION = YES;
				CLANG_WARN_INT_CONVERSION = YES;
				CLANG_WARN_OBJC_ROOT_CLASS = YES_ERROR;
				CLANG_WARN_UNREACHABLE_CODE = YES;
				CLANG_WARN__DUPLICATE_METHOD_MATCH = YES;
				"CODE_SIGN_IDENTITY[sdk=iphoneos*]" = "iPhone Developer";
				COPY_PHASE_STRIP = NO;
				DEBUG_INFORMATION_FORMAT = "dwarf-with-dsym";
				ENABLE_STRICT_OBJC_MSGSEND = YES;
				GCC_C_LANGUAGE_STANDARD = gnu99;
				GCC_DYNAMIC_NO_PIC = NO;
				GCC_NO_COMMON_BLOCKS = YES;
				GCC_OPTIMIZATION_LEVEL = 0;
				GCC_PREPROCESSOR_DEFINITIONS = (
					"DEBUG=1",
					"$(inherited)",
				);
				GCC_SYMBOLS_PRIVATE_EXTERN = NO;
				GCC_WARN_64_TO_32_BIT_CONVERSION = YES;
				GCC_WARN_ABOUT_RETURN_TYPE = YES_ERROR;
				GCC_WARN_UNDECLARED_SELECTOR = YES;
				GCC_WARN_UNINITIALIZED_AUTOS = YES_AGGRESSIVE;
				GCC_WARN_UNUSED_FUNCTION = YES;
				GCC_WARN_UNUSED_VARIABLE = YES;
				IPHONEOS_DEPLOYMENT_TARGET = 8.4;
				MTL_ENABLE_DEBUG_INFO = YES;
				ONLY_ACTIVE_ARCH = YES;
				SDKROOT = iphoneos;
				SWIFT_OPTIMIZATION_LEVEL = "-Onone";
				TARGETED_DEVICE_FAMILY = "1,2";
			};
			name = Debug;
		};
		AA68D6A41B5E931C00EF1585 /* Release */ = {
			isa = XCBuildConfiguration;
			buildSettings = {
				ALWAYS_SEARCH_USER_PATHS = NO;
				CLANG_CXX_LANGUAGE_STANDARD = "gnu++0x";
				CLANG_CXX_LIBRARY = "libc++";
				CLANG_ENABLE_MODULES = YES;
				CLANG_ENABLE_OBJC_ARC = YES;
				CLANG_WARN_BOOL_CONVERSION = YES;
				CLANG_WARN_CONSTANT_CONVERSION = YES;
				CLANG_WARN_DIRECT_OBJC_ISA_USAGE = YES_ERROR;
				CLANG_WARN_EMPTY_BODY = YES;
				CLANG_WARN_ENUM_CONVERSION = YES;
				CLANG_WARN_INT_CONVERSION = YES;
				CLANG_WARN_OBJC_ROOT_CLASS = YES_ERROR;
				CLANG_WARN_UNREACHABLE_CODE = YES;
				CLANG_WARN__DUPLICATE_METHOD_MATCH = YES;
				"CODE_SIGN_IDENTITY[sdk=iphoneos*]" = "iPhone Developer";
				COPY_PHASE_STRIP = NO;
				DEBUG_INFORMATION_FORMAT = "dwarf-with-dsym";
				ENABLE_NS_ASSERTIONS = NO;
				ENABLE_STRICT_OBJC_MSGSEND = YES;
				GCC_C_LANGUAGE_STANDARD = gnu99;
				GCC_NO_COMMON_BLOCKS = YES;
				GCC_WARN_64_TO_32_BIT_CONVERSION = YES;
				GCC_WARN_ABOUT_RETURN_TYPE = YES_ERROR;
				GCC_WARN_UNDECLARED_SELECTOR = YES;
				GCC_WARN_UNINITIALIZED_AUTOS = YES_AGGRESSIVE;
				GCC_WARN_UNUSED_FUNCTION = YES;
				GCC_WARN_UNUSED_VARIABLE = YES;
				IPHONEOS_DEPLOYMENT_TARGET = 8.4;
				MTL_ENABLE_DEBUG_INFO = NO;
				SDKROOT = iphoneos;
				TARGETED_DEVICE_FAMILY = "1,2";
				VALIDATE_PRODUCT = YES;
			};
			name = Release;
		};
		AA68D6A61B5E931C00EF1585 /* Debug */ = {
			isa = XCBuildConfiguration;
			buildSettings = {
				ASSETCATALOG_COMPILER_APPICON_NAME = AppIcon;
				INFOPLIST_FILE = "He-Peng-Prob1-StoryBoard/Info.plist";
				LD_RUNPATH_SEARCH_PATHS = "$(inherited) @executable_path/Frameworks";
				PRODUCT_NAME = "$(TARGET_NAME)";
			};
			name = Debug;
		};
		AA68D6A71B5E931C00EF1585 /* Release */ = {
			isa = XCBuildConfiguration;
			buildSettings = {
				ASSETCATALOG_COMPILER_APPICON_NAME = AppIcon;
				INFOPLIST_FILE = "He-Peng-Prob1-StoryBoard/Info.plist";
				LD_RUNPATH_SEARCH_PATHS = "$(inherited) @executable_path/Frameworks";
				PRODUCT_NAME = "$(TARGET_NAME)";
			};
			name = Release;
		};
		AA68D6A91B5E931C00EF1585 /* Debug */ = {
			isa = XCBuildConfiguration;
			buildSettings = {
				BUNDLE_LOADER = "$(TEST_HOST)";
				FRAMEWORK_SEARCH_PATHS = (
					"$(SDKROOT)/Developer/Library/Frameworks",
					"$(inherited)",
				);
				GCC_PREPROCESSOR_DEFINITIONS = (
					"DEBUG=1",
					"$(inherited)",
				);
				INFOPLIST_FILE = "He-Peng-Prob1-StoryBoardTests/Info.plist";
				LD_RUNPATH_SEARCH_PATHS = "$(inherited) @executable_path/Frameworks @loader_path/Frameworks";
				PRODUCT_NAME = "$(TARGET_NAME)";
				TEST_HOST = "$(BUILT_PRODUCTS_DIR)/He-Peng-Prob1-StoryBoard.app/He-Peng-Prob1-StoryBoard";
			};
			name = Debug;
		};
		AA68D6AA1B5E931C00EF1585 /* Release */ = {
			isa = XCBuildConfiguration;
			buildSettings = {
				BUNDLE_LOADER = "$(TEST_HOST)";
				FRAMEWORK_SEARCH_PATHS = (
					"$(SDKROOT)/Developer/Library/Frameworks",
					"$(inherited)",
				);
				INFOPLIST_FILE = "He-Peng-Prob1-StoryBoardTests/Info.plist";
				LD_RUNPATH_SEARCH_PATHS = "$(inherited) @executable_path/Frameworks @loader_path/Frameworks";
				PRODUCT_NAME = "$(TARGET_NAME)";
				TEST_HOST = "$(BUILT_PRODUCTS_DIR)/He-Peng-Prob1-StoryBoard.app/He-Peng-Prob1-StoryBoard";
			};
			name = Release;
		};
/* End XCBuildConfiguration section */

/* Begin XCConfigurationList section */
		AA68D6811B5E931C00EF1585 /* Build configuration list for PBXProject "He-Peng-Prob1-StoryBoard" */ = {
			isa = XCConfigurationList;
			buildConfigurations = (
				AA68D6A31B5E931C00EF1585 /* Debug */,
				AA68D6A41B5E931C00EF1585 /* Release */,
			);
			defaultConfigurationIsVisible = 0;
			defaultConfigurationName = Release;
		};
		AA68D6A51B5E931C00EF1585 /* Build configuration list for PBXNativeTarget "He-Peng-Prob1-StoryBoard" */ = {
			isa = XCConfigurationList;
			buildConfigurations = (
				AA68D6A61B5E931C00EF1585 /* Debug */,
				AA68D6A71B5E931C00EF1585 /* Release */,
			);
			defaultConfigurationIsVisible = 0;
			defaultConfigurationName = Release;
		};
		AA68D6A81B5E931C00EF1585 /* Build configuration list for PBXNativeTarget "He-Peng-Prob1-StoryBoardTests" */ = {
			isa = XCConfigurationList;
			buildConfigurations = (
				AA68D6A91B5E931C00EF1585 /* Debug */,
				AA68D6AA1B5E931C00EF1585 /* Release */,
			);
			defaultConfigurationIsVisible = 0;
			defaultConfigurationName = Release;
		};
/* End XCConfigurationList section */
	};
	rootObject = AA68D67E1B5E931C00EF1585 /* Project object */;
}
