// !$*UTF8*$!
{
	archiveVersion = 1;
	classes = {
	};
	objectVersion = 46;
	objects = {

/* Begin PBXBuildFile section */
		AA3AF5B51B40FC2900B4A58A /* main.swift in Sources */ = {isa = PBXBuildFile; fileRef = AA3AF5B41B40FC2900B4A58A /* main.swift */; };
		AA3AF5BC1B40FC4C00B4A58A /* HelloWorld.swift in Sources */ = {isa = PBXBuildFile; fileRef = AA3AF5BB1B40FC4C00B4A58A /* HelloWorld.swift */; };
/* End PBXBuildFile section */

/* Begin PBXCopyFilesBuildPhase section */
		AA3AF5AF1B40FC2900B4A58A /* CopyFiles */ = {
			isa = PBXCopyFilesBuildPhase;
			buildActionMask = 2147483647;
			dstPath = /usr/share/man/man1/;
			dstSubfolderSpec = 0;
			files = (
			);
			runOnlyForDeploymentPostprocessing = 1;
		};
/* End PBXCopyFilesBuildPhase section */

/* Begin PBXFileReference section */
		AA3AF5B11B40FC2900B4A58A /* S65HW1 */ = {isa = PBXFileReference; explicitFileType = "compiled.mach-o.executable"; includeInIndex = 0; path = S65HW1; sourceTree = BUILT_PRODUCTS_DIR; };
		AA3AF5B41B40FC2900B4A58A /* main.swift */ = {isa = PBXFileReference; lastKnownFileType = sourcecode.swift; path = main.swift; sourceTree = "<group>"; };
		AA3AF5BB1B40FC4C00B4A58A /* HelloWorld.swift */ = {isa = PBXFileReference; fileEncoding = 4; lastKnownFileType = sourcecode.swift; path = HelloWorld.swift; sourceTree = "<group>"; };
		AA3AF5BD1B41003F00B4A58A /* MyMap.swift */ = {isa = PBXFileReference; fileEncoding = 4; lastKnownFileType = sourcecode.swift; path = MyMap.swift; sourceTree = "<group>"; };
/* End PBXFileReference section */

/* Begin PBXFrameworksBuildPhase section */
		AA3AF5AE1B40FC2900B4A58A /* Frameworks */ = {
			isa = PBXFrameworksBuildPhase;
			buildActionMask = 2147483647;
			files = (
			);
			runOnlyForDeploymentPostprocessing = 0;
		};
/* End PBXFrameworksBuildPhase section */

/* Begin PBXGroup section */
		AA3AF5A81B40FC2900B4A58A = {
			isa = PBXGroup;
			children = (
				AA3AF5B31B40FC2900B4A58A /* S65HW1 */,
				AA3AF5B21B40FC2900B4A58A /* Products */,
			);
			sourceTree = "<group>";
		};
		AA3AF5B21B40FC2900B4A58A /* Products */ = {
			isa = PBXGroup;
			children = (
				AA3AF5B11B40FC2900B4A58A /* S65HW1 */,
			);
			name = Products;
			sourceTree = "<group>";
		};
		AA3AF5B31B40FC2900B4A58A /* S65HW1 */ = {
			isa = PBXGroup;
			children = (
				AA3AF5B41B40FC2900B4A58A /* main.swift */,
				AA3AF5BB1B40FC4C00B4A58A /* HelloWorld.swift */,
				AA3AF5BD1B41003F00B4A58A /* MyMap.swift */,
			);
			path = S65HW1;
			sourceTree = "<group>";
		};
/* End PBXGroup section */

/* Begin PBXNativeTarget section */
		AA3AF5B01B40FC2900B4A58A /* S65HW1 */ = {
			isa = PBXNativeTarget;
			buildConfigurationList = AA3AF5B81B40FC2900B4A58A /* Build configuration list for PBXNativeTarget "S65HW1" */;
			buildPhases = (
				AA3AF5AD1B40FC2900B4A58A /* Sources */,
				AA3AF5AE1B40FC2900B4A58A /* Frameworks */,
				AA3AF5AF1B40FC2900B4A58A /* CopyFiles */,
			);
			buildRules = (
			);
			dependencies = (
			);
			name = S65HW1;
			productName = S65HW1;
			productReference = AA3AF5B11B40FC2900B4A58A /* S65HW1 */;
			productType = "com.apple.product-type.tool";
		};
/* End PBXNativeTarget section */

/* Begin PBXProject section */
		AA3AF5A91B40FC2900B4A58A /* Project object */ = {
			isa = PBXProject;
			attributes = {
				LastUpgradeCheck = 0630;
				ORGANIZATIONNAME = HePeng;
				TargetAttributes = {
					AA3AF5B01B40FC2900B4A58A = {
						CreatedOnToolsVersion = 6.3.2;
					};
				};
			};
			buildConfigurationList = AA3AF5AC1B40FC2900B4A58A /* Build configuration list for PBXProject "S65HW1" */;
			compatibilityVersion = "Xcode 3.2";
			developmentRegion = English;
			hasScannedForEncodings = 0;
			knownRegions = (
				en,
			);
			mainGroup = AA3AF5A81B40FC2900B4A58A;
			productRefGroup = AA3AF5B21B40FC2900B4A58A /* Products */;
			projectDirPath = "";
			projectRoot = "";
			targets = (
				AA3AF5B01B40FC2900B4A58A /* S65HW1 */,
			);
		};
/* End PBXProject section */

/* Begin PBXSourcesBuildPhase section */
		AA3AF5AD1B40FC2900B4A58A /* Sources */ = {
			isa = PBXSourcesBuildPhase;
			buildActionMask = 2147483647;
			files = (
				AA3AF5B51B40FC2900B4A58A /* main.swift in Sources */,
				AA3AF5BC1B40FC4C00B4A58A /* HelloWorld.swift in Sources */,
			);
			runOnlyForDeploymentPostprocessing = 0;
		};
/* End PBXSourcesBuildPhase section */

/* Begin XCBuildConfiguration section */
		AA3AF5B61B40FC2900B4A58A /* Debug */ = {
			isa = XCBuildConfiguration;
			buildSettings = {
				ALWAYS_SEARCH_USER_PATHS = NO;
				CLANG_CXX_LANGUAGE_STANDARD = "gnu++0x";
				CLANG_CXX_LIBRARY = "libc++";
				CLANG_ENABLE_MODULES = YES;
				CLANG_ENABLE_OBJC_ARC = YES;
				CLANG_WARN_BOOL_CONVERSION = YES;
				CLANG_WARN_CONSTANT_CONVERSION = YES;
				CLANG_WARN_DIRECT_OBJC_ISA_USAGE = YES_ERROR;
				CLANG_WARN_EMPTY_BODY = YES;
				CLANG_WARN_ENUM_CONVERSION = YES;
				CLANG_WARN_INT_CONVERSION = YES;
				CLANG_WARN_OBJC_ROOT_CLASS = YES_ERROR;
				CLANG_WARN_UNREACHABLE_CODE = YES;
				CLANG_WARN__DUPLICATE_METHOD_MATCH = YES;
				COPY_PHASE_STRIP = NO;
				DEBUG_INFORMATION_FORMAT = dwarf;
				ENABLE_STRICT_OBJC_MSGSEND = YES;
				GCC_C_LANGUAGE_STANDARD = gnu99;
				GCC_DYNAMIC_NO_PIC = NO;
				GCC_NO_COMMON_BLOCKS = YES;
				GCC_OPTIMIZATION_LEVEL = 0;
				GCC_PREPROCESSOR_DEFINITIONS = (
					"DEBUG=1",
					"$(inherited)",
				);
				GCC_SYMBOLS_PRIVATE_EXTERN = NO;
				GCC_WARN_64_TO_32_BIT_CONVERSION = YES;
				GCC_WARN_ABOUT_RETURN_TYPE = YES_ERROR;
				GCC_WARN_UNDECLARED_SELECTOR = YES;
				GCC_WARN_UNINITIALIZED_AUTOS = YES_AGGRESSIVE;
				GCC_WARN_UNUSED_FUNCTION = YES;
				GCC_WARN_UNUSED_VARIABLE = YES;
				MACOSX_DEPLOYMENT_TARGET = 10.10;
				MTL_ENABLE_DEBUG_INFO = YES;
				ONLY_ACTIVE_ARCH = YES;
				SDKROOT = macosx;
				SWIFT_OPTIMIZATION_LEVEL = "-Onone";
			};
			name = Debug;
		};
		AA3AF5B71B40FC2900B4A58A /* Release */ = {
			isa = XCBuildConfiguration;
			buildSettings = {
				ALWAYS_SEARCH_USER_PATHS = NO;
				CLANG_CXX_LANGUAGE_STANDARD = "gnu++0x";
				CLANG_CXX_LIBRARY = "libc++";
				CLANG_ENABLE_MODULES = YES;
				CLANG_ENABLE_OBJC_ARC = YES;
				CLANG_WARN_BOOL_CONVERSION = YES;
				CLANG_WARN_CONSTANT_CONVERSION = YES;
				CLANG_WARN_DIRECT_OBJC_ISA_USAGE = YES_ERROR;
				CLANG_WARN_EMPTY_BODY = YES;
				CLANG_WARN_ENUM_CONVERSION = YES;
				CLANG_WARN_INT_CONVERSION = YES;
				CLANG_WARN_OBJC_ROOT_CLASS = YES_ERROR;
				CLANG_WARN_UNREACHABLE_CODE = YES;
				CLANG_WARN__DUPLICATE_METHOD_MATCH = YES;
				COPY_PHASE_STRIP = NO;
				DEBUG_INFORMATION_FORMAT = "dwarf-with-dsym";
				ENABLE_NS_ASSERTIONS = NO;
				ENABLE_STRICT_OBJC_MSGSEND = YES;
				GCC_C_LANGUAGE_STANDARD = gnu99;
				GCC_NO_COMMON_BLOCKS = YES;
				GCC_WARN_64_TO_32_BIT_CONVERSION = YES;
				GCC_WARN_ABOUT_RETURN_TYPE = YES_ERROR;
				GCC_WARN_UNDECLARED_SELECTOR = YES;
				GCC_WARN_UNINITIALIZED_AUTOS = YES_AGGRESSIVE;
				GCC_WARN_UNUSED_FUNCTION = YES;
				GCC_WARN_UNUSED_VARIABLE = YES;
				MACOSX_DEPLOYMENT_TARGET = 10.10;
				MTL_ENABLE_DEBUG_INFO = NO;
				SDKROOT = macosx;
			};
			name = Release;
		};
		AA3AF5B91B40FC2900B4A58A /* Debug */ = {
			isa = XCBuildConfiguration;
			buildSettings = {
				PRODUCT_NAME = "$(TARGET_NAME)";
			};
			name = Debug;
		};
		AA3AF5BA1B40FC2900B4A58A /* Release */ = {
			isa = XCBuildConfiguration;
			buildSettings = {
				PRODUCT_NAME = "$(TARGET_NAME)";
			};
			name = Release;
		};
/* End XCBuildConfiguration section */

/* Begin XCConfigurationList section */
		AA3AF5AC1B40FC2900B4A58A /* Build configuration list for PBXProject "S65HW1" */ = {
			isa = XCConfigurationList;
			buildConfigurations = (
				AA3AF5B61B40FC2900B4A58A /* Debug */,
				AA3AF5B71B40FC2900B4A58A /* Release */,
			);
			defaultConfigurationIsVisible = 0;
			defaultConfigurationName = Release;
		};
		AA3AF5B81B40FC2900B4A58A /* Build configuration list for PBXNativeTarget "S65HW1" */ = {
			isa = XCConfigurationList;
			buildConfigurations = (
				AA3AF5B91B40FC2900B4A58A /* Debug */,
				AA3AF5BA1B40FC2900B4A58A /* Release */,
			);
			defaultConfigurationIsVisible = 0;
			defaultConfigurationName = Release;
		};
/* End XCConfigurationList section */
	};
	rootObject = AA3AF5A91B40FC2900B4A58A /* Project object */;
}
